
Microsoft Visual Studio Solution File, Format Version 12.00
# Visual Studio 14
VisualStudioVersion = 14.0.23107.0
MinimumVisualStudioVersion = 10.0.40219.1
Project("{FAE04EC0-301F-11D3-BF4B-00C04F79EFBC}") = "Reflection", "Reflection\Reflection.csproj", "{BED1A5C3-EF50-4D20-B3DB-EA22DE63A354}"
EndProject
Project("{FAE04EC0-301F-11D3-BF4B-00C04F79EFBC}") = "Reflection.Tests", "Reflection.Tests\Reflection.Tests.csproj", "{CDFEC89A-2C34-48CC-8949-205F8DFDEF97}"
EndProject
Global
	GlobalSection(SolutionConfigurationPlatforms) = preSolution
		Debug|Any CPU = Debug|Any CPU
		Release|Any CPU = Release|Any CPU
	EndGlobalSection
	GlobalSection(ProjectConfigurationPlatforms) = postSolution
		{BED1A5C3-EF50-4D20-B3DB-EA22DE63A354}.Debug|Any CPU.ActiveCfg = Debug|Any CPU
		{BED1A5C3-EF50-4D20-B3DB-EA22DE63A354}.Debug|Any CPU.Build.0 = Debug|Any CPU
		{BED1A5C3-EF50-4D20-B3DB-EA22DE63A354}.Release|Any CPU.ActiveCfg = Release|Any CPU
		{BED1A5C3-EF50-4D20-B3DB-EA22DE63A354}.Release|Any CPU.Build.0 = Release|Any CPU
		{CDFEC89A-2C34-48CC-8949-205F8DFDEF97}.Debug|Any CPU.ActiveCfg = Debug|Any CPU
		{CDFEC89A-2C34-48CC-8949-205F8DFDEF97}.Debug|Any CPU.Build.0 = Debug|Any CPU
		{CDFEC89A-2C34-48CC-8949-205F8DFDEF97}.Release|Any CPU.ActiveCfg = Release|Any CPU
		{CDFEC89A-2C34-48CC-8949-205F8DFDEF97}.Release|Any CPU.Build.0 = Release|Any CPU
	EndGlobalSection
	GlobalSection(SolutionProperties) = preSolution
		HideSolutionNode = FALSE
	EndGlobalSection
EndGlobal
